// !$*UTF8*$!
{
	archiveVersion = 1;
	classes = {
	};
	objectVersion = 56;
	objects = {

/* Begin PBXBuildFile section */
		5948A3C32AB7338900E12BFC /* iWeatherApp.swift in Sources */ = {isa = PBXBuildFile; fileRef = 5948A3C22AB7338900E12BFC /* iWeatherApp.swift */; };
		5948A3C52AB7338900E12BFC /* ContentView.swift in Sources */ = {isa = PBXBuildFile; fileRef = 5948A3C42AB7338900E12BFC /* ContentView.swift */; };
		5948A3C72AB7338A00E12BFC /* Assets.xcassets in Resources */ = {isa = PBXBuildFile; fileRef = 5948A3C62AB7338A00E12BFC /* Assets.xcassets */; };
		5948A3CA2AB7338A00E12BFC /* Preview Assets.xcassets in Resources */ = {isa = PBXBuildFile; fileRef = 5948A3C92AB7338A00E12BFC /* Preview Assets.xcassets */; };
		5948A3D12AB7348900E12BFC /* SettingsView.swift in Sources */ = {isa = PBXBuildFile; fileRef = 5948A3D02AB7348900E12BFC /* SettingsView.swift */; };
		5948A3D32AB7351800E12BFC /* WeatherView.swift in Sources */ = {isa = PBXBuildFile; fileRef = 5948A3D22AB7351800E12BFC /* WeatherView.swift */; };
		5955DFA22AB9981600C7D448 /* WeatherViewModel.swift in Sources */ = {isa = PBXBuildFile; fileRef = 5955DFA12AB9981600C7D448 /* WeatherViewModel.swift */; };
		5955DFA42AB9C40800C7D448 /* LocationManager.swift in Sources */ = {isa = PBXBuildFile; fileRef = 5955DFA32AB9C40800C7D448 /* LocationManager.swift */; };
		5991B3942AB87A04005CF84A /* Weather.swift in Sources */ = {isa = PBXBuildFile; fileRef = 5991B3932AB87A04005CF84A /* Weather.swift */; };
/* End PBXBuildFile section */

/* Begin PBXFileReference section */
		5948A3BF2AB7338900E12BFC /* iWeather.app */ = {isa = PBXFileReference; explicitFileType = wrapper.application; includeInIndex = 0; path = iWeather.app; sourceTree = BUILT_PRODUCTS_DIR; };
		5948A3C22AB7338900E12BFC /* iWeatherApp.swift */ = {isa = PBXFileReference; lastKnownFileType = sourcecode.swift; path = iWeatherApp.swift; sourceTree = "<group>"; };
		5948A3C42AB7338900E12BFC /* ContentView.swift */ = {isa = PBXFileReference; lastKnownFileType = sourcecode.swift; path = ContentView.swift; sourceTree = "<group>"; };
		5948A3C62AB7338A00E12BFC /* Assets.xcassets */ = {isa = PBXFileReference; lastKnownFileType = folder.assetcatalog; path = Assets.xcassets; sourceTree = "<group>"; };
		5948A3C92AB7338A00E12BFC /* Preview Assets.xcassets */ = {isa = PBXFileReference; lastKnownFileType = folder.assetcatalog; path = "Preview Assets.xcassets"; sourceTree = "<group>"; };
		5948A3D02AB7348900E12BFC /* SettingsView.swift */ = {isa = PBXFileReference; lastKnownFileType = sourcecode.swift; path = SettingsView.swift; sourceTree = "<group>"; };
		5948A3D22AB7351800E12BFC /* WeatherView.swift */ = {isa = PBXFileReference; lastKnownFileType = sourcecode.swift; path = WeatherView.swift; sourceTree = "<group>"; };
		5955DFA12AB9981600C7D448 /* WeatherViewModel.swift */ = {isa = PBXFileReference; lastKnownFileType = sourcecode.swift; path = WeatherViewModel.swift; sourceTree = "<group>"; };
		5955DFA32AB9C40800C7D448 /* LocationManager.swift */ = {isa = PBXFileReference; lastKnownFileType = sourcecode.swift; path = LocationManager.swift; sourceTree = "<group>"; };
		5955DFAA2AB9D91C00C7D448 /* Info.plist */ = {isa = PBXFileReference; fileEncoding = 4; lastKnownFileType = text.plist.xml; path = Info.plist; sourceTree = "<group>"; };
		5991B3932AB87A04005CF84A /* Weather.swift */ = {isa = PBXFileReference; lastKnownFileType = sourcecode.swift; path = Weather.swift; sourceTree = "<group>"; };
/* End PBXFileReference section */

/* Begin PBXFrameworksBuildPhase section */
		5948A3BC2AB7338900E12BFC /* Frameworks */ = {
			isa = PBXFrameworksBuildPhase;
			buildActionMask = 2147483647;
			files = (
			);
			runOnlyForDeploymentPostprocessing = 0;
		};
/* End PBXFrameworksBuildPhase section */

/* Begin PBXGroup section */
		5948A3B62AB7338900E12BFC = {
			isa = PBXGroup;
			children = (
				5948A3C12AB7338900E12BFC /* iWeather */,
				5948A3C02AB7338900E12BFC /* Products */,
			);
			sourceTree = "<group>";
		};
		5948A3C02AB7338900E12BFC /* Products */ = {
			isa = PBXGroup;
			children = (
				5948A3BF2AB7338900E12BFC /* iWeather.app */,
			);
			name = Products;
			sourceTree = "<group>";
		};
		5948A3C12AB7338900E12BFC /* iWeather */ = {
			isa = PBXGroup;
			children = (
				5955DFAA2AB9D91C00C7D448 /* Info.plist */,
				5948A3C22AB7338900E12BFC /* iWeatherApp.swift */,
				59AE031C2ABA12FF00E4E0AB /* Managers */,
				59AE03192ABA12D100E4E0AB /* Views */,
				59AE031A2ABA12E300E4E0AB /* ViewModel */,
				59AE031B2ABA12ED00E4E0AB /* Model */,
				5948A3C62AB7338A00E12BFC /* Assets.xcassets */,
				5948A3C82AB7338A00E12BFC /* Preview Content */,
			);
			path = iWeather;
			sourceTree = "<group>";
		};
		5948A3C82AB7338A00E12BFC /* Preview Content */ = {
			isa = PBXGroup;
			children = (
				5948A3C92AB7338A00E12BFC /* Preview Assets.xcassets */,
			);
			path = "Preview Content";
			sourceTree = "<group>";
		};
		59AE03192ABA12D100E4E0AB /* Views */ = {
			isa = PBXGroup;
			children = (
				5948A3C42AB7338900E12BFC /* ContentView.swift */,
				5948A3D22AB7351800E12BFC /* WeatherView.swift */,
				5948A3D02AB7348900E12BFC /* SettingsView.swift */,
			);
			path = Views;
			sourceTree = "<group>";
		};
		59AE031A2ABA12E300E4E0AB /* ViewModel */ = {
			isa = PBXGroup;
			children = (
				5955DFA12AB9981600C7D448 /* WeatherViewModel.swift */,
			);
			path = ViewModel;
			sourceTree = "<group>";
		};
		59AE031B2ABA12ED00E4E0AB /* Model */ = {
			isa = PBXGroup;
			children = (
				5991B3932AB87A04005CF84A /* Weather.swift */,
			);
			path = Model;
			sourceTree = "<group>";
		};
		59AE031C2ABA12FF00E4E0AB /* Managers */ = {
			isa = PBXGroup;
			children = (
				5955DFA32AB9C40800C7D448 /* LocationManager.swift */,
			);
			path = Managers;
			sourceTree = "<group>";
		};
/* End PBXGroup section */

/* Begin PBXNativeTarget section */
		5948A3BE2AB7338900E12BFC /* iWeather */ = {
			isa = PBXNativeTarget;
			buildConfigurationList = 5948A3CD2AB7338A00E12BFC /* Build configuration list for PBXNativeTarget "iWeather" */;
			buildPhases = (
				5948A3BB2AB7338900E12BFC /* Sources */,
				5948A3BC2AB7338900E12BFC /* Frameworks */,
				5948A3BD2AB7338900E12BFC /* Resources */,
			);
			buildRules = (
			);
			dependencies = (
			);
			name = iWeather;
			productName = iWeather;
			productReference = 5948A3BF2AB7338900E12BFC /* iWeather.app */;
			productType = "com.apple.product-type.application";
		};
/* End PBXNativeTarget section */

/* Begin PBXProject section */
		5948A3B72AB7338900E12BFC /* Project object */ = {
			isa = PBXProject;
			attributes = {
				BuildIndependentTargetsInParallel = 1;
				LastSwiftUpdateCheck = 1430;
				LastUpgradeCheck = 1430;
				TargetAttributes = {
					5948A3BE2AB7338900E12BFC = {
						CreatedOnToolsVersion = 14.3.1;
					};
				};
			};
			buildConfigurationList = 5948A3BA2AB7338900E12BFC /* Build configuration list for PBXProject "iWeather" */;
			compatibilityVersion = "Xcode 14.0";
			developmentRegion = en;
			hasScannedForEncodings = 0;
			knownRegions = (
				en,
				Base,
			);
			mainGroup = 5948A3B62AB7338900E12BFC;
			productRefGroup = 5948A3C02AB7338900E12BFC /* Products */;
			projectDirPath = "";
			projectRoot = "";
			targets = (
				5948A3BE2AB7338900E12BFC /* iWeather */,
			);
		};
/* End PBXProject section */

/* Begin PBXResourcesBuildPhase section */
		5948A3BD2AB7338900E12BFC /* Resources */ = {
			isa = PBXResourcesBuildPhase;
			buildActionMask = 2147483647;
			files = (
				5948A3CA2AB7338A00E12BFC /* Preview Assets.xcassets in Resources */,
				5948A3C72AB7338A00E12BFC /* Assets.xcassets in Resources */,
			);
			runOnlyForDeploymentPostprocessing = 0;
		};
/* End PBXResourcesBuildPhase section */

/* Begin PBXSourcesBuildPhase section */
		5948A3BB2AB7338900E12BFC /* Sources */ = {
			isa = PBXSourcesBuildPhase;
			buildActionMask = 2147483647;
			files = (
				5955DFA22AB9981600C7D448 /* WeatherViewModel.swift in Sources */,
				5948A3D12AB7348900E12BFC /* SettingsView.swift in Sources */,
				5948A3C52AB7338900E12BFC /* ContentView.swift in Sources */,
				5948A3C32AB7338900E12BFC /* iWeatherApp.swift in Sources */,
				5955DFA42AB9C40800C7D448 /* LocationManager.swift in Sources */,
				5948A3D32AB7351800E12BFC /* WeatherView.swift in Sources */,
				5991B3942AB87A04005CF84A /* Weather.swift in Sources */,
			);
			runOnlyForDeploymentPostprocessing = 0;
		};
/* End PBXSourcesBuildPhase section */

/* Begin XCBuildConfiguration section */
		5948A3CB2AB7338A00E12BFC /* Debug */ = {
			isa = XCBuildConfiguration;
			buildSettings = {
				ALWAYS_SEARCH_USER_PATHS = NO;
				CLANG_ANALYZER_NONNULL = YES;
				CLANG_ANALYZER_NUMBER_OBJECT_CONVERSION = YES_AGGRESSIVE;
				CLANG_CXX_LANGUAGE_STANDARD = "gnu++20";
				CLANG_ENABLE_MODULES = YES;
				CLANG_ENABLE_OBJC_ARC = YES;
				CLANG_ENABLE_OBJC_WEAK = YES;
				CLANG_WARN_BLOCK_CAPTURE_AUTORELEASING = YES;
				CLANG_WARN_BOOL_CONVERSION = YES;
				CLANG_WARN_COMMA = YES;
				CLANG_WARN_CONSTANT_CONVERSION = YES;
				CLANG_WARN_DEPRECATED_OBJC_IMPLEMENTATIONS = YES;
				CLANG_WARN_DIRECT_OBJC_ISA_USAGE = YES_ERROR;
				CLANG_WARN_DOCUMENTATION_COMMENTS = YES;
				CLANG_WARN_EMPTY_BODY = YES;
				CLANG_WARN_ENUM_CONVERSION = YES;
				CLANG_WARN_INFINITE_RECURSION = YES;
				CLANG_WARN_INT_CONVERSION = YES;
				CLANG_WARN_NON_LITERAL_NULL_CONVERSION = YES;
				CLANG_WARN_OBJC_IMPLICIT_RETAIN_SELF = YES;
				CLANG_WARN_OBJC_LITERAL_CONVERSION = YES;
				CLANG_WARN_OBJC_ROOT_CLASS = YES_ERROR;
				CLANG_WARN_QUOTED_INCLUDE_IN_FRAMEWORK_HEADER = YES;
				CLANG_WARN_RANGE_LOOP_ANALYSIS = YES;
				CLANG_WARN_STRICT_PROTOTYPES = YES;
				CLANG_WARN_SUSPICIOUS_MOVE = YES;
				CLANG_WARN_UNGUARDED_AVAILABILITY = YES_AGGRESSIVE;
				CLANG_WARN_UNREACHABLE_CODE = YES;
				CLANG_WARN__DUPLICATE_METHOD_MATCH = YES;
				COPY_PHASE_STRIP = NO;
				DEBUG_INFORMATION_FORMAT = dwarf;
				ENABLE_STRICT_OBJC_MSGSEND = YES;
				ENABLE_TESTABILITY = YES;
				GCC_C_LANGUAGE_STANDARD = gnu11;
				GCC_DYNAMIC_NO_PIC = NO;
				GCC_NO_COMMON_BLOCKS = YES;
				GCC_OPTIMIZATION_LEVEL = 0;
				GCC_PREPROCESSOR_DEFINITIONS = (
					"DEBUG=1",
					"$(inherited)",
				);
				GCC_WARN_64_TO_32_BIT_CONVERSION = YES;
				GCC_WARN_ABOUT_RETURN_TYPE = YES_ERROR;
				GCC_WARN_UNDECLARED_SELECTOR = YES;
				GCC_WARN_UNINITIALIZED_AUTOS = YES_AGGRESSIVE;
				GCC_WARN_UNUSED_FUNCTION = YES;
				GCC_WARN_UNUSED_VARIABLE = YES;
				IPHONEOS_DEPLOYMENT_TARGET = 16.4;
				MTL_ENABLE_DEBUG_INFO = INCLUDE_SOURCE;
				MTL_FAST_MATH = YES;
				ONLY_ACTIVE_ARCH = YES;
				SDKROOT = iphoneos;
				SWIFT_ACTIVE_COMPILATION_CONDITIONS = DEBUG;
				SWIFT_OPTIMIZATION_LEVEL = "-Onone";
			};
			name = Debug;
		};
		5948A3CC2AB7338A00E12BFC /* Release */ = {
			isa = XCBuildConfiguration;
			buildSettings = {
				ALWAYS_SEARCH_USER_PATHS = NO;
				CLANG_ANALYZER_NONNULL = YES;
				CLANG_ANALYZER_NUMBER_OBJECT_CONVERSION = YES_AGGRESSIVE;
				CLANG_CXX_LANGUAGE_STANDARD = "gnu++20";
				CLANG_ENABLE_MODULES = YES;
				CLANG_ENABLE_OBJC_ARC = YES;
				CLANG_ENABLE_OBJC_WEAK = YES;
				CLANG_WARN_BLOCK_CAPTURE_AUTORELEASING = YES;
				CLANG_WARN_BOOL_CONVERSION = YES;
				CLANG_WARN_COMMA = YES;
				CLANG_WARN_CONSTANT_CONVERSION = YES;
				CLANG_WARN_DEPRECATED_OBJC_IMPLEMENTATIONS = YES;
				CLANG_WARN_DIRECT_OBJC_ISA_USAGE = YES_ERROR;
				CLANG_WARN_DOCUMENTATION_COMMENTS = YES;
				CLANG_WARN_EMPTY_BODY = YES;
				CLANG_WARN_ENUM_CONVERSION = YES;
				CLANG_WARN_INFINITE_RECURSION = YES;
				CLANG_WARN_INT_CONVERSION = YES;
				CLANG_WARN_NON_LITERAL_NULL_CONVERSION = YES;
				CLANG_WARN_OBJC_IMPLICIT_RETAIN_SELF = YES;
				CLANG_WARN_OBJC_LITERAL_CONVERSION = YES;
				CLANG_WARN_OBJC_ROOT_CLASS = YES_ERROR;
				CLANG_WARN_QUOTED_INCLUDE_IN_FRAMEWORK_HEADER = YES;
				CLANG_WARN_RANGE_LOOP_ANALYSIS = YES;
				CLANG_WARN_STRICT_PROTOTYPES = YES;
				CLANG_WARN_SUSPICIOUS_MOVE = YES;
				CLANG_WARN_UNGUARDED_AVAILABILITY = YES_AGGRESSIVE;
				CLANG_WARN_UNREACHABLE_CODE = YES;
				CLANG_WARN__DUPLICATE_METHOD_MATCH = YES;
				COPY_PHASE_STRIP = NO;
				DEBUG_INFORMATION_FORMAT = "dwarf-with-dsym";
				ENABLE_NS_ASSERTIONS = NO;
				ENABLE_STRICT_OBJC_MSGSEND = YES;
				GCC_C_LANGUAGE_STANDARD = gnu11;
				GCC_NO_COMMON_BLOCKS = YES;
				GCC_WARN_64_TO_32_BIT_CONVERSION = YES;
				GCC_WARN_ABOUT_RETURN_TYPE = YES_ERROR;
				GCC_WARN_UNDECLARED_SELECTOR = YES;
				GCC_WARN_UNINITIALIZED_AUTOS = YES_AGGRESSIVE;
				GCC_WARN_UNUSED_FUNCTION = YES;
				GCC_WARN_UNUSED_VARIABLE = YES;
				IPHONEOS_DEPLOYMENT_TARGET = 16.4;
				MTL_ENABLE_DEBUG_INFO = NO;
				MTL_FAST_MATH = YES;
				SDKROOT = iphoneos;
				SWIFT_COMPILATION_MODE = wholemodule;
				SWIFT_OPTIMIZATION_LEVEL = "-O";
				VALIDATE_PRODUCT = YES;
			};
			name = Release;
		};
		5948A3CE2AB7338A00E12BFC /* Debug */ = {
			isa = XCBuildConfiguration;
			buildSettings = {
				ASSETCATALOG_COMPILER_APPICON_NAME = AppIcon;
				ASSETCATALOG_COMPILER_GLOBAL_ACCENT_COLOR_NAME = AccentColor;
				CODE_SIGN_STYLE = Automatic;
				CURRENT_PROJECT_VERSION = 1;
				DEVELOPMENT_ASSET_PATHS = "\"iWeather/Preview Content\"";
				DEVELOPMENT_TEAM = 4742U8M789;
				ENABLE_PREVIEWS = YES;
				GENERATE_INFOPLIST_FILE = YES;
				INFOPLIST_FILE = iWeather/Info.plist;
				INFOPLIST_KEY_NSLocationAlwaysAndWhenInUseUsageDescription = "We need the location in order to get the current weather";
				INFOPLIST_KEY_UIApplicationSceneManifest_Generation = YES;
				INFOPLIST_KEY_UIApplicationSupportsIndirectInputEvents = YES;
				INFOPLIST_KEY_UILaunchScreen_Generation = YES;
				INFOPLIST_KEY_UISupportedInterfaceOrientations = UIInterfaceOrientationPortrait;
				LD_RUNPATH_SEARCH_PATHS = (
					"$(inherited)",
					"@executable_path/Frameworks",
				);
				MARKETING_VERSION = 1.0;
				PRODUCT_BUNDLE_IDENTIFIER = com.apple.iWeather;
				PRODUCT_NAME = "$(TARGET_NAME)";
				SWIFT_EMIT_LOC_STRINGS = YES;
				SWIFT_VERSION = 5.0;
				TARGETED_DEVICE_FAMILY = "1,2";
			};
			name = Debug;
		};
		5948A3CF2AB7338A00E12BFC /* Release */ = {
			isa = XCBuildConfiguration;
			buildSettings = {
				ASSETCATALOG_COMPILER_APPICON_NAME = AppIcon;
				ASSETCATALOG_COMPILER_GLOBAL_ACCENT_COLOR_NAME = AccentColor;
				CODE_SIGN_STYLE = Automatic;
				CURRENT_PROJECT_VERSION = 1;
				DEVELOPMENT_ASSET_PATHS = "\"iWeather/Preview Content\"";
				DEVELOPMENT_TEAM = 4742U8M789;
				ENABLE_PREVIEWS = YES;
				GENERATE_INFOPLIST_FILE = YES;
				INFOPLIST_FILE = iWeather/Info.plist;
				INFOPLIST_KEY_NSLocationAlwaysAndWhenInUseUsageDescription = "We need the location in order to get the current weather";
				INFOPLIST_KEY_UIApplicationSceneManifest_Generation = YES;
				INFOPLIST_KEY_UIApplicationSupportsIndirectInputEvents = YES;
				INFOPLIST_KEY_UILaunchScreen_Generation = YES;
				INFOPLIST_KEY_UISupportedInterfaceOrientations = UIInterfaceOrientationPortrait;
				LD_RUNPATH_SEARCH_PATHS = (
					"$(inherited)",
					"@executable_path/Frameworks",
				);
				MARKETING_VERSION = 1.0;
				PRODUCT_BUNDLE_IDENTIFIER = com.apple.iWeather;
				PRODUCT_NAME = "$(TARGET_NAME)";
				SWIFT_EMIT_LOC_STRINGS = YES;
				SWIFT_VERSION = 5.0;
				TARGETED_DEVICE_FAMILY = "1,2";
			};
			name = Release;
		};
/* End XCBuildConfiguration section */

/* Begin XCConfigurationList section */
		5948A3BA2AB7338900E12BFC /* Build configuration list for PBXProject "iWeather" */ = {
			isa = XCConfigurationList;
			buildConfigurations = (
				5948A3CB2AB7338A00E12BFC /* Debug */,
				5948A3CC2AB7338A00E12BFC /* Release */,
			);
			defaultConfigurationIsVisible = 0;
			defaultConfigurationName = Release;
		};
		5948A3CD2AB7338A00E12BFC /* Build configuration list for PBXNativeTarget "iWeather" */ = {
			isa = XCConfigurationList;
			buildConfigurations = (
				5948A3CE2AB7338A00E12BFC /* Debug */,
				5948A3CF2AB7338A00E12BFC /* Release */,
			);
			defaultConfigurationIsVisible = 0;
			defaultConfigurationName = Release;
		};
/* End XCConfigurationList section */
	};
	rootObject = 5948A3B72AB7338900E12BFC /* Project object */;
}
